
Microsoft Visual Studio Solution File, Format Version 12.00
# Visual Studio Version 17
VisualStudioVersion = 17.11.35222.181
MinimumVisualStudioVersion = 10.0.40219.1
Project("{8BC9CEB8-8B4A-11D0-8D11-00A0C91BC942}") = "Lab№2.4", "Lab№2.4\Lab№2.4.vcxproj", "{E61C2AD3-9FB7-43EC-A388-47FB0AE63FDA}"
EndProject
Project("{8BC9CEB8-8B4A-11D0-8D11-00A0C91BC942}") = "Project1", "Project1\Project1.vcxproj", "{3C14273C-6977-4EAD-A684-0D3436A9ACB2}"
EndProject
Global
	GlobalSection(SolutionConfigurationPlatforms) = preSolution
		Debug|x64 = Debug|x64
		Debug|x86 = Debug|x86
		Release|x64 = Release|x64
		Release|x86 = Release|x86
	EndGlobalSection
	GlobalSection(ProjectConfigurationPlatforms) = postSolution
		{E61C2AD3-9FB7-43EC-A388-47FB0AE63FDA}.Debug|x64.ActiveCfg = Debug|x64
		{E61C2AD3-9FB7-43EC-A388-47FB0AE63FDA}.Debug|x64.Build.0 = Debug|x64
		{E61C2AD3-9FB7-43EC-A388-47FB0AE63FDA}.Debug|x86.ActiveCfg = Debug|Win32
		{E61C2AD3-9FB7-43EC-A388-47FB0AE63FDA}.Debug|x86.Build.0 = Debug|Win32
		{E61C2AD3-9FB7-43EC-A388-47FB0AE63FDA}.Release|x64.ActiveCfg = Release|x64
		{E61C2AD3-9FB7-43EC-A388-47FB0AE63FDA}.Release|x64.Build.0 = Release|x64
		{E61C2AD3-9FB7-43EC-A388-47FB0AE63FDA}.Release|x86.ActiveCfg = Release|Win32
		{E61C2AD3-9FB7-43EC-A388-47FB0AE63FDA}.Release|x86.Build.0 = Release|Win32
		{3C14273C-6977-4EAD-A684-0D3436A9ACB2}.Debug|x64.ActiveCfg = Debug|x64
		{3C14273C-6977-4EAD-A684-0D3436A9ACB2}.Debug|x64.Build.0 = Debug|x64
		{3C14273C-6977-4EAD-A684-0D3436A9ACB2}.Debug|x86.ActiveCfg = Debug|Win32
		{3C14273C-6977-4EAD-A684-0D3436A9ACB2}.Debug|x86.Build.0 = Debug|Win32
		{3C14273C-6977-4EAD-A684-0D3436A9ACB2}.Release|x64.ActiveCfg = Release|x64
		{3C14273C-6977-4EAD-A684-0D3436A9ACB2}.Release|x64.Build.0 = Release|x64
		{3C14273C-6977-4EAD-A684-0D3436A9ACB2}.Release|x86.ActiveCfg = Release|Win32
		{3C14273C-6977-4EAD-A684-0D3436A9ACB2}.Release|x86.Build.0 = Release|Win32
	EndGlobalSection
	GlobalSection(SolutionProperties) = preSolution
		HideSolutionNode = FALSE
	EndGlobalSection
	GlobalSection(ExtensibilityGlobals) = postSolution
		SolutionGuid = {732E6C0A-F83C-44F4-AD4C-4C9955248A70}
	EndGlobalSection
EndGlobal
